
Microsoft Visual Studio Solution File, Format Version 12.00
# Visual Studio Version 17
VisualStudioVersion = 17.5.002.0
MinimumVisualStudioVersion = 10.0.40219.1
Project("{9A19103F-16F7-4668-BE54-9A1E7A4F7556}") = "StringBuilder", "StringBuilder.csproj", "{EECDA0D5-1DD5-48A3-A858-B938F19EC231}"
EndProject
Global
	GlobalSection(SolutionConfigurationPlatforms) = preSolution
		Debug|Any CPU = Debug|Any CPU
		Release|Any CPU = Release|Any CPU
	EndGlobalSection
	GlobalSection(ProjectConfigurationPlatforms) = postSolution
		{EECDA0D5-1DD5-48A3-A858-B938F19EC231}.Debug|Any CPU.ActiveCfg = Debug|Any CPU
		{EECDA0D5-1DD5-48A3-A858-B938F19EC231}.Debug|Any CPU.Build.0 = Debug|Any CPU
		{EECDA0D5-1DD5-48A3-A858-B938F19EC231}.Release|Any CPU.ActiveCfg = Release|Any CPU
		{EECDA0D5-1DD5-48A3-A858-B938F19EC231}.Release|Any CPU.Build.0 = Release|Any CPU
	EndGlobalSection
	GlobalSection(SolutionProperties) = preSolution
		HideSolutionNode = FALSE
	EndGlobalSection
	GlobalSection(ExtensibilityGlobals) = postSolution
		SolutionGuid = {B8EAB964-5E3A-438D-910C-EEC5ACD4FC8A}
	EndGlobalSection
EndGlobal
